{
  "name": "Qgateweb",
  "lockfileVersion": 2,
  "requires": true,
  "packages": {
    "": {
      "dependencies": {
        "bootstrap4-toggle": "^3.6.1",
        "sweetalert2": "^11.7.1"
      }
    },
    "node_modules/bootstrap4-toggle": {
      "version": "3.6.1",
      "resolved": "https://registry.npmjs.org/bootstrap4-toggle/-/bootstrap4-toggle-3.6.1.tgz",
      "integrity": "sha512-eRejcTc9YurhZ64nHY9Ii9DQn+F9/R74H9RPoeANVM3N1+C2lZ2tUuFCx1w3orOJ1y/iG4A7iCwdDZphMDIrYg=="
    },
    "node_modules/sweetalert2": {
      "version": "11.7.1",
      "resolved": "https://registry.npmjs.org/sweetalert2/-/sweetalert2-11.7.1.tgz",
      "integrity": "sha512-+1bnkbqBl64FnZmi3g4SzAi4F3pL3S2jF1YQvrysv4GbgizfeFqGkJopxR3FnV/eJm6w2SQ2oAmCxSIBjgP/ag==",
      "funding": {
        "type": "individual",
        "url": "https://github.com/sponsors/limonte"
      }
    }
  },
  "dependencies": {
    "bootstrap4-toggle": {
      "version": "3.6.1",
      "resolved": "https://registry.npmjs.org/bootstrap4-toggle/-/bootstrap4-toggle-3.6.1.tgz",
      "integrity": "sha512-eRejcTc9YurhZ64nHY9Ii9DQn+F9/R74H9RPoeANVM3N1+C2lZ2tUuFCx1w3orOJ1y/iG4A7iCwdDZphMDIrYg=="
    },
    "sweetalert2": {
      "version": "11.7.1",
      "resolved": "https://registry.npmjs.org/sweetalert2/-/sweetalert2-11.7.1.tgz",
      "integrity": "sha512-+1bnkbqBl64FnZmi3g4SzAi4F3pL3S2jF1YQvrysv4GbgizfeFqGkJopxR3FnV/eJm6w2SQ2oAmCxSIBjgP/ag=="
    }
  }
}
